
Microsoft Visual Studio Solution File, Format Version 12.00
Project("{FAE04EC0-301F-11D3-BF4B-00C04F79EFBC}") = "SimonProj", "SimonProj\SimonProj.csproj", "{5ADC4343-B27D-418B-B61E-B0D6DE44054D}"
EndProject
Global
	GlobalSection(SolutionConfigurationPlatforms) = preSolution
		Debug|Any CPU = Debug|Any CPU
		Release|Any CPU = Release|Any CPU
	EndGlobalSection
	GlobalSection(ProjectConfigurationPlatforms) = postSolution
		{5ADC4343-B27D-418B-B61E-B0D6DE44054D}.Debug|Any CPU.ActiveCfg = Debug|Any CPU
		{5ADC4343-B27D-418B-B61E-B0D6DE44054D}.Debug|Any CPU.Build.0 = Debug|Any CPU
		{5ADC4343-B27D-418B-B61E-B0D6DE44054D}.Release|Any CPU.ActiveCfg = Release|Any CPU
		{5ADC4343-B27D-418B-B61E-B0D6DE44054D}.Release|Any CPU.Build.0 = Release|Any CPU
	EndGlobalSection
EndGlobal
